
Microsoft Visual Studio Solution File, Format Version 12.00
# Visual Studio Version 16
VisualStudioVersion = 16.0.29519.181
MinimumVisualStudioVersion = 10.0.40219.1
Project("{9A19103F-16F7-4668-BE54-9A1E7A4F7556}") = "Solari.Wallet", "solari.wallet\Solari.Wallet.csproj", "{0CF1302F-B999-44D2-A9E8-06049507834E}"
EndProject
Project("{2150E333-8FDC-42A3-9474-1A3956D46DE8}") = "scr", "scr", "{5A7F9D3F-C30F-4EA0-9106-98D1D036B67C}"
EndProject
Project("{2150E333-8FDC-42A3-9474-1A3956D46DE8}") = "1 - Presentation", "1 - Presentation", "{A0E442C9-5848-4025-80F2-FC6246FBE9D9}"
EndProject
Project("{2150E333-8FDC-42A3-9474-1A3956D46DE8}") = "3 - Application", "3 - Application", "{45CA7A58-CA58-45B9-A89A-A229B76D7A3D}"
EndProject
Project("{2150E333-8FDC-42A3-9474-1A3956D46DE8}") = "4 - Domain", "4 - Domain", "{632059BD-06E8-4540-9ECE-0676A360FE0F}"
EndProject
Project("{9A19103F-16F7-4668-BE54-9A1E7A4F7556}") = "Solari.Wallet.Application", "Solari.Wallet.Applicaton\Solari.Wallet.Application.csproj", "{67ED29CB-46B7-4E2F-A02E-2C12DC487F65}"
EndProject
Project("{9A19103F-16F7-4668-BE54-9A1E7A4F7556}") = "Solari.Wallet.Domain.Core", "Solari.Wallet.Domain.Core\Solari.Wallet.Domain.Core.csproj", "{3FB9A6A1-7090-4E5E-990E-2F31C15BB045}"
EndProject
Project("{9A19103F-16F7-4668-BE54-9A1E7A4F7556}") = "Solari.Wallet.Domain", "Solari.Wallet.Domain\Solari.Wallet.Domain.csproj", "{560884D2-E806-4A44-B4B8-4BEECCE5A3AC}"
EndProject
Project("{2150E333-8FDC-42A3-9474-1A3956D46DE8}") = "5 - Infrastructure", "5 - Infrastructure", "{D81B3AAA-6236-49A4-88E1-9704C465DDA0}"
EndProject
Project("{9A19103F-16F7-4668-BE54-9A1E7A4F7556}") = "Solari.Wallet.Infrastructure.Crosscuting.Ioc", "Solari.Wallet.Infrastructure.Ioc\Solari.Wallet.Infrastructure.Crosscuting.Ioc.csproj", "{5EC50F32-A048-40E8-B338-3D55931FF9EA}"
EndProject
Project("{2150E333-8FDC-42A3-9474-1A3956D46DE8}") = "5.1 - Crosscuting", "5.1 - Crosscuting", "{7706E5CE-E544-4BD5-88F2-E8C0AE12BA5E}"
EndProject
Project("{2150E333-8FDC-42A3-9474-1A3956D46DE8}") = "2 - Services", "2 - Services", "{D3715840-3F77-4D09-85BC-66C9232EE200}"
EndProject
Project("{9A19103F-16F7-4668-BE54-9A1E7A4F7556}") = "Solari.Wallet.Service", "Solari.Wallet.Service\Solari.Wallet.Service.csproj", "{3F9EAECE-7DB9-4B38-A3D6-3501833E9D7C}"
EndProject
Project("{E53339B2-1760-4266-BCC7-CA923CBCF16C}") = "docker-compose", "docker-compose.dcproj", "{E69B55F5-FCCC-411E-8255-401476318333}"
EndProject
Project("{FAE04EC0-301F-11D3-BF4B-00C04F79EFBC}") = "Solari.Wallet.CrossCuting.Bus", "Solari.Wallet.CrossCuting.Bus\Solari.Wallet.CrossCuting.Bus.csproj", "{2642BA49-3A57-4C87-B4EF-B7E8A93EA04F}"
EndProject
Project("{2150E333-8FDC-42A3-9474-1A3956D46DE8}") = "5.2 - Data", "5.2 - Data", "{51E95B50-7959-463F-8BA2-855BCFCA391E}"
EndProject
Global
	GlobalSection(SolutionConfigurationPlatforms) = preSolution
		Debug|Any CPU = Debug|Any CPU
		Release|Any CPU = Release|Any CPU
	EndGlobalSection
	GlobalSection(ProjectConfigurationPlatforms) = postSolution
		{0CF1302F-B999-44D2-A9E8-06049507834E}.Debug|Any CPU.ActiveCfg = Debug|Any CPU
		{0CF1302F-B999-44D2-A9E8-06049507834E}.Debug|Any CPU.Build.0 = Debug|Any CPU
		{0CF1302F-B999-44D2-A9E8-06049507834E}.Release|Any CPU.ActiveCfg = Release|Any CPU
		{0CF1302F-B999-44D2-A9E8-06049507834E}.Release|Any CPU.Build.0 = Release|Any CPU
		{67ED29CB-46B7-4E2F-A02E-2C12DC487F65}.Debug|Any CPU.ActiveCfg = Debug|Any CPU
		{67ED29CB-46B7-4E2F-A02E-2C12DC487F65}.Debug|Any CPU.Build.0 = Debug|Any CPU
		{67ED29CB-46B7-4E2F-A02E-2C12DC487F65}.Release|Any CPU.ActiveCfg = Release|Any CPU
		{67ED29CB-46B7-4E2F-A02E-2C12DC487F65}.Release|Any CPU.Build.0 = Release|Any CPU
		{3FB9A6A1-7090-4E5E-990E-2F31C15BB045}.Debug|Any CPU.ActiveCfg = Debug|Any CPU
		{3FB9A6A1-7090-4E5E-990E-2F31C15BB045}.Debug|Any CPU.Build.0 = Debug|Any CPU
		{3FB9A6A1-7090-4E5E-990E-2F31C15BB045}.Release|Any CPU.ActiveCfg = Release|Any CPU
		{3FB9A6A1-7090-4E5E-990E-2F31C15BB045}.Release|Any CPU.Build.0 = Release|Any CPU
		{560884D2-E806-4A44-B4B8-4BEECCE5A3AC}.Debug|Any CPU.ActiveCfg = Debug|Any CPU
		{560884D2-E806-4A44-B4B8-4BEECCE5A3AC}.Debug|Any CPU.Build.0 = Debug|Any CPU
		{560884D2-E806-4A44-B4B8-4BEECCE5A3AC}.Release|Any CPU.ActiveCfg = Release|Any CPU
		{560884D2-E806-4A44-B4B8-4BEECCE5A3AC}.Release|Any CPU.Build.0 = Release|Any CPU
		{5EC50F32-A048-40E8-B338-3D55931FF9EA}.Debug|Any CPU.ActiveCfg = Debug|Any CPU
		{5EC50F32-A048-40E8-B338-3D55931FF9EA}.Debug|Any CPU.Build.0 = Debug|Any CPU
		{5EC50F32-A048-40E8-B338-3D55931FF9EA}.Release|Any CPU.ActiveCfg = Release|Any CPU
		{5EC50F32-A048-40E8-B338-3D55931FF9EA}.Release|Any CPU.Build.0 = Release|Any CPU
		{3F9EAECE-7DB9-4B38-A3D6-3501833E9D7C}.Debug|Any CPU.ActiveCfg = Debug|Any CPU
		{3F9EAECE-7DB9-4B38-A3D6-3501833E9D7C}.Debug|Any CPU.Build.0 = Debug|Any CPU
		{3F9EAECE-7DB9-4B38-A3D6-3501833E9D7C}.Release|Any CPU.ActiveCfg = Release|Any CPU
		{3F9EAECE-7DB9-4B38-A3D6-3501833E9D7C}.Release|Any CPU.Build.0 = Release|Any CPU
		{E69B55F5-FCCC-411E-8255-401476318333}.Debug|Any CPU.ActiveCfg = Debug|Any CPU
		{E69B55F5-FCCC-411E-8255-401476318333}.Debug|Any CPU.Build.0 = Debug|Any CPU
		{E69B55F5-FCCC-411E-8255-401476318333}.Release|Any CPU.ActiveCfg = Release|Any CPU
		{E69B55F5-FCCC-411E-8255-401476318333}.Release|Any CPU.Build.0 = Release|Any CPU
		{2642BA49-3A57-4C87-B4EF-B7E8A93EA04F}.Debug|Any CPU.ActiveCfg = Debug|Any CPU
		{2642BA49-3A57-4C87-B4EF-B7E8A93EA04F}.Debug|Any CPU.Build.0 = Debug|Any CPU
		{2642BA49-3A57-4C87-B4EF-B7E8A93EA04F}.Release|Any CPU.ActiveCfg = Release|Any CPU
		{2642BA49-3A57-4C87-B4EF-B7E8A93EA04F}.Release|Any CPU.Build.0 = Release|Any CPU
	EndGlobalSection
	GlobalSection(SolutionProperties) = preSolution
		HideSolutionNode = FALSE
	EndGlobalSection
	GlobalSection(NestedProjects) = preSolution
		{0CF1302F-B999-44D2-A9E8-06049507834E} = {A0E442C9-5848-4025-80F2-FC6246FBE9D9}
		{A0E442C9-5848-4025-80F2-FC6246FBE9D9} = {5A7F9D3F-C30F-4EA0-9106-98D1D036B67C}
		{45CA7A58-CA58-45B9-A89A-A229B76D7A3D} = {5A7F9D3F-C30F-4EA0-9106-98D1D036B67C}
		{632059BD-06E8-4540-9ECE-0676A360FE0F} = {5A7F9D3F-C30F-4EA0-9106-98D1D036B67C}
		{67ED29CB-46B7-4E2F-A02E-2C12DC487F65} = {45CA7A58-CA58-45B9-A89A-A229B76D7A3D}
		{3FB9A6A1-7090-4E5E-990E-2F31C15BB045} = {632059BD-06E8-4540-9ECE-0676A360FE0F}
		{560884D2-E806-4A44-B4B8-4BEECCE5A3AC} = {632059BD-06E8-4540-9ECE-0676A360FE0F}
		{D81B3AAA-6236-49A4-88E1-9704C465DDA0} = {5A7F9D3F-C30F-4EA0-9106-98D1D036B67C}
		{5EC50F32-A048-40E8-B338-3D55931FF9EA} = {7706E5CE-E544-4BD5-88F2-E8C0AE12BA5E}
		{7706E5CE-E544-4BD5-88F2-E8C0AE12BA5E} = {D81B3AAA-6236-49A4-88E1-9704C465DDA0}
		{D3715840-3F77-4D09-85BC-66C9232EE200} = {5A7F9D3F-C30F-4EA0-9106-98D1D036B67C}
		{3F9EAECE-7DB9-4B38-A3D6-3501833E9D7C} = {D3715840-3F77-4D09-85BC-66C9232EE200}
		{2642BA49-3A57-4C87-B4EF-B7E8A93EA04F} = {7706E5CE-E544-4BD5-88F2-E8C0AE12BA5E}
		{51E95B50-7959-463F-8BA2-855BCFCA391E} = {D81B3AAA-6236-49A4-88E1-9704C465DDA0}
	EndGlobalSection
	GlobalSection(ExtensibilityGlobals) = postSolution
		SolutionGuid = {B2AD66DB-0705-4CDA-8BE1-5AADFF50DA68}
	EndGlobalSection
EndGlobal
